// !$*UTF8*$!
{
	archiveVersion = 1;
	classes = {
	};
	objectVersion = 63;
	objects = {

/* Begin PBXBuildFile section */
		C13E527F2BC305A000077FA2 /* SSTatisticsApp.swift in Sources */ = {isa = PBXBuildFile; fileRef = C13E527E2BC305A000077FA2 /* SSTatisticsApp.swift */; };
		C13E52852BC305A200077FA2 /* Assets.xcassets in Resources */ = {isa = PBXBuildFile; fileRef = C13E52842BC305A200077FA2 /* Assets.xcassets */; };
		C13E52882BC305A200077FA2 /* Preview Assets.xcassets in Resources */ = {isa = PBXBuildFile; fileRef = C13E52872BC305A200077FA2 /* Preview Assets.xcassets */; };
		C13E52922BC305A200077FA2 /* SSTatisticsTests.swift in Sources */ = {isa = PBXBuildFile; fileRef = C13E52912BC305A200077FA2 /* SSTatisticsTests.swift */; };
		C13E529C2BC305A200077FA2 /* SSTatisticsUITests.swift in Sources */ = {isa = PBXBuildFile; fileRef = C13E529B2BC305A200077FA2 /* SSTatisticsUITests.swift */; };
		C13E529E2BC305A200077FA2 /* SSTatisticsUITestsLaunchTests.swift in Sources */ = {isa = PBXBuildFile; fileRef = C13E529D2BC305A200077FA2 /* SSTatisticsUITestsLaunchTests.swift */; };
		C17521E82BC6EF3600FD7ECE /* HomeView.swift in Sources */ = {isa = PBXBuildFile; fileRef = C17521E72BC6EF3600FD7ECE /* HomeView.swift */; };
		C17521EC2BC6F1E300FD7ECE /* AboutView.swift in Sources */ = {isa = PBXBuildFile; fileRef = C17521EB2BC6F1E300FD7ECE /* AboutView.swift */; };
		C17521EE2BC6F56D00FD7ECE /* HelpView.swift in Sources */ = {isa = PBXBuildFile; fileRef = C17521ED2BC6F56D00FD7ECE /* HelpView.swift */; };
		C17521F02BC6F57C00FD7ECE /* SettingsView.swift in Sources */ = {isa = PBXBuildFile; fileRef = C17521EF2BC6F57C00FD7ECE /* SettingsView.swift */; };
		C17521F22BC6F59F00FD7ECE /* StatisticsView.swift in Sources */ = {isa = PBXBuildFile; fileRef = C17521F12BC6F59F00FD7ECE /* StatisticsView.swift */; };
		C17521F42BC6F5B600FD7ECE /* PastGamesView.swift in Sources */ = {isa = PBXBuildFile; fileRef = C17521F32BC6F5B600FD7ECE /* PastGamesView.swift */; };
		C17521F62BC6F5CD00FD7ECE /* FinishView.swift in Sources */ = {isa = PBXBuildFile; fileRef = C17521F52BC6F5CD00FD7ECE /* FinishView.swift */; };
		C17521F82BC7CE3900FD7ECE /* Statistics.swift in Sources */ = {isa = PBXBuildFile; fileRef = C17521F72BC7CE3900FD7ECE /* Statistics.swift */; };
		C17521FA2BC7D00500FD7ECE /* Team.swift in Sources */ = {isa = PBXBuildFile; fileRef = C17521F92BC7D00500FD7ECE /* Team.swift */; };
		C17521FD2BC7D26900FD7ECE /* Sport.swift in Sources */ = {isa = PBXBuildFile; fileRef = C17521FC2BC7D26900FD7ECE /* Sport.swift */; };
/* End PBXBuildFile section */

/* Begin PBXContainerItemProxy section */
		C13E528E2BC305A200077FA2 /* PBXContainerItemProxy */ = {
			isa = PBXContainerItemProxy;
			containerPortal = C13E52732BC305A000077FA2 /* Project object */;
			proxyType = 1;
			remoteGlobalIDString = C13E527A2BC305A000077FA2;
			remoteInfo = SSTatistics;
		};
		C13E52982BC305A200077FA2 /* PBXContainerItemProxy */ = {
			isa = PBXContainerItemProxy;
			containerPortal = C13E52732BC305A000077FA2 /* Project object */;
			proxyType = 1;
			remoteGlobalIDString = C13E527A2BC305A000077FA2;
			remoteInfo = SSTatistics;
		};
/* End PBXContainerItemProxy section */

/* Begin PBXFileReference section */
		C13E527B2BC305A000077FA2 /* SSTatistics.app */ = {isa = PBXFileReference; explicitFileType = wrapper.application; includeInIndex = 0; path = SSTatistics.app; sourceTree = BUILT_PRODUCTS_DIR; };
		C13E527E2BC305A000077FA2 /* SSTatisticsApp.swift */ = {isa = PBXFileReference; lastKnownFileType = sourcecode.swift; path = SSTatisticsApp.swift; sourceTree = "<group>"; };
		C13E52842BC305A200077FA2 /* Assets.xcassets */ = {isa = PBXFileReference; lastKnownFileType = folder.assetcatalog; path = Assets.xcassets; sourceTree = "<group>"; };
		C13E52872BC305A200077FA2 /* Preview Assets.xcassets */ = {isa = PBXFileReference; lastKnownFileType = folder.assetcatalog; path = "Preview Assets.xcassets"; sourceTree = "<group>"; };
		C13E528D2BC305A200077FA2 /* SSTatisticsTests.xctest */ = {isa = PBXFileReference; explicitFileType = wrapper.cfbundle; includeInIndex = 0; path = SSTatisticsTests.xctest; sourceTree = BUILT_PRODUCTS_DIR; };
		C13E52912BC305A200077FA2 /* SSTatisticsTests.swift */ = {isa = PBXFileReference; lastKnownFileType = sourcecode.swift; path = SSTatisticsTests.swift; sourceTree = "<group>"; };
		C13E52972BC305A200077FA2 /* SSTatisticsUITests.xctest */ = {isa = PBXFileReference; explicitFileType = wrapper.cfbundle; includeInIndex = 0; path = SSTatisticsUITests.xctest; sourceTree = BUILT_PRODUCTS_DIR; };
		C13E529B2BC305A200077FA2 /* SSTatisticsUITests.swift */ = {isa = PBXFileReference; lastKnownFileType = sourcecode.swift; path = SSTatisticsUITests.swift; sourceTree = "<group>"; };
		C13E529D2BC305A200077FA2 /* SSTatisticsUITestsLaunchTests.swift */ = {isa = PBXFileReference; lastKnownFileType = sourcecode.swift; path = SSTatisticsUITestsLaunchTests.swift; sourceTree = "<group>"; };
		C17521E72BC6EF3600FD7ECE /* HomeView.swift */ = {isa = PBXFileReference; lastKnownFileType = sourcecode.swift; path = HomeView.swift; sourceTree = "<group>"; };
		C17521EB2BC6F1E300FD7ECE /* AboutView.swift */ = {isa = PBXFileReference; lastKnownFileType = sourcecode.swift; path = AboutView.swift; sourceTree = "<group>"; };
		C17521ED2BC6F56D00FD7ECE /* HelpView.swift */ = {isa = PBXFileReference; lastKnownFileType = sourcecode.swift; path = HelpView.swift; sourceTree = "<group>"; };
		C17521EF2BC6F57C00FD7ECE /* SettingsView.swift */ = {isa = PBXFileReference; lastKnownFileType = sourcecode.swift; path = SettingsView.swift; sourceTree = "<group>"; };
		C17521F12BC6F59F00FD7ECE /* StatisticsView.swift */ = {isa = PBXFileReference; lastKnownFileType = sourcecode.swift; path = StatisticsView.swift; sourceTree = "<group>"; };
		C17521F32BC6F5B600FD7ECE /* PastGamesView.swift */ = {isa = PBXFileReference; lastKnownFileType = sourcecode.swift; path = PastGamesView.swift; sourceTree = "<group>"; };
		C17521F52BC6F5CD00FD7ECE /* FinishView.swift */ = {isa = PBXFileReference; lastKnownFileType = sourcecode.swift; path = FinishView.swift; sourceTree = "<group>"; };
		C17521F72BC7CE3900FD7ECE /* Statistics.swift */ = {isa = PBXFileReference; lastKnownFileType = sourcecode.swift; path = Statistics.swift; sourceTree = "<group>"; };
		C17521F92BC7D00500FD7ECE /* Team.swift */ = {isa = PBXFileReference; lastKnownFileType = sourcecode.swift; path = Team.swift; sourceTree = "<group>"; };
		C17521FC2BC7D26900FD7ECE /* Sport.swift */ = {isa = PBXFileReference; lastKnownFileType = sourcecode.swift; path = Sport.swift; sourceTree = "<group>"; };
/* End PBXFileReference section */

/* Begin PBXFrameworksBuildPhase section */
		C13E52782BC305A000077FA2 /* Frameworks */ = {
			isa = PBXFrameworksBuildPhase;
			buildActionMask = 2147483647;
			files = (
			);
			runOnlyForDeploymentPostprocessing = 0;
		};
		C13E528A2BC305A200077FA2 /* Frameworks */ = {
			isa = PBXFrameworksBuildPhase;
			buildActionMask = 2147483647;
			files = (
			);
			runOnlyForDeploymentPostprocessing = 0;
		};
		C13E52942BC305A200077FA2 /* Frameworks */ = {
			isa = PBXFrameworksBuildPhase;
			buildActionMask = 2147483647;
			files = (
			);
			runOnlyForDeploymentPostprocessing = 0;
		};
/* End PBXFrameworksBuildPhase section */

/* Begin PBXGroup section */
		C13E52722BC305A000077FA2 = {
			isa = PBXGroup;
			children = (
				C13E527D2BC305A000077FA2 /* SSTatistics */,
				C13E52902BC305A200077FA2 /* SSTatisticsTests */,
				C13E529A2BC305A200077FA2 /* SSTatisticsUITests */,
				C13E527C2BC305A000077FA2 /* Products */,
			);
			sourceTree = "<group>";
		};
		C13E527C2BC305A000077FA2 /* Products */ = {
			isa = PBXGroup;
			children = (
				C13E527B2BC305A000077FA2 /* SSTatistics.app */,
				C13E528D2BC305A200077FA2 /* SSTatisticsTests.xctest */,
				C13E52972BC305A200077FA2 /* SSTatisticsUITests.xctest */,
			);
			name = Products;
			sourceTree = "<group>";
		};
		C13E527D2BC305A000077FA2 /* SSTatistics */ = {
			isa = PBXGroup;
			children = (
				C13E527E2BC305A000077FA2 /* SSTatisticsApp.swift */,
				C17521E72BC6EF3600FD7ECE /* HomeView.swift */,
				C17521EB2BC6F1E300FD7ECE /* AboutView.swift */,
				C17521ED2BC6F56D00FD7ECE /* HelpView.swift */,
				C17521EF2BC6F57C00FD7ECE /* SettingsView.swift */,
				C17521F32BC6F5B600FD7ECE /* PastGamesView.swift */,
				C17521F12BC6F59F00FD7ECE /* StatisticsView.swift */,
				C17521F52BC6F5CD00FD7ECE /* FinishView.swift */,
				C17521FB2BC7D01000FD7ECE /* SwiftData */,
				C13E52842BC305A200077FA2 /* Assets.xcassets */,
				C13E52862BC305A200077FA2 /* Preview Content */,
			);
			path = SSTatistics;
			sourceTree = "<group>";
		};
		C13E52862BC305A200077FA2 /* Preview Content */ = {
			isa = PBXGroup;
			children = (
				C13E52872BC305A200077FA2 /* Preview Assets.xcassets */,
			);
			path = "Preview Content";
			sourceTree = "<group>";
		};
		C13E52902BC305A200077FA2 /* SSTatisticsTests */ = {
			isa = PBXGroup;
			children = (
				C13E52912BC305A200077FA2 /* SSTatisticsTests.swift */,
			);
			path = SSTatisticsTests;
			sourceTree = "<group>";
		};
		C13E529A2BC305A200077FA2 /* SSTatisticsUITests */ = {
			isa = PBXGroup;
			children = (
				C13E529B2BC305A200077FA2 /* SSTatisticsUITests.swift */,
				C13E529D2BC305A200077FA2 /* SSTatisticsUITestsLaunchTests.swift */,
			);
			path = SSTatisticsUITests;
			sourceTree = "<group>";
		};
		C17521FB2BC7D01000FD7ECE /* SwiftData */ = {
			isa = PBXGroup;
			children = (
				C17521F72BC7CE3900FD7ECE /* Statistics.swift */,
				C17521FC2BC7D26900FD7ECE /* Sport.swift */,
				C17521F92BC7D00500FD7ECE /* Team.swift */,
			);
			path = SwiftData;
			sourceTree = "<group>";
		};
/* End PBXGroup section */

/* Begin PBXNativeTarget section */
		C13E527A2BC305A000077FA2 /* SSTatistics */ = {
			isa = PBXNativeTarget;
			buildConfigurationList = C13E52A12BC305A200077FA2 /* Build configuration list for PBXNativeTarget "SSTatistics" */;
			buildPhases = (
				C13E52772BC305A000077FA2 /* Sources */,
				C13E52782BC305A000077FA2 /* Frameworks */,
				C13E52792BC305A000077FA2 /* Resources */,
			);
			buildRules = (
			);
			dependencies = (
			);
			name = SSTatistics;
			productName = SSTatistics;
			productReference = C13E527B2BC305A000077FA2 /* SSTatistics.app */;
			productType = "com.apple.product-type.application";
		};
		C13E528C2BC305A200077FA2 /* SSTatisticsTests */ = {
			isa = PBXNativeTarget;
			buildConfigurationList = C13E52A42BC305A200077FA2 /* Build configuration list for PBXNativeTarget "SSTatisticsTests" */;
			buildPhases = (
				C13E52892BC305A200077FA2 /* Sources */,
				C13E528A2BC305A200077FA2 /* Frameworks */,
				C13E528B2BC305A200077FA2 /* Resources */,
			);
			buildRules = (
			);
			dependencies = (
				C13E528F2BC305A200077FA2 /* PBXTargetDependency */,
			);
			name = SSTatisticsTests;
			productName = SSTatisticsTests;
			productReference = C13E528D2BC305A200077FA2 /* SSTatisticsTests.xctest */;
			productType = "com.apple.product-type.bundle.unit-test";
		};
		C13E52962BC305A200077FA2 /* SSTatisticsUITests */ = {
			isa = PBXNativeTarget;
			buildConfigurationList = C13E52A72BC305A200077FA2 /* Build configuration list for PBXNativeTarget "SSTatisticsUITests" */;
			buildPhases = (
				C13E52932BC305A200077FA2 /* Sources */,
				C13E52942BC305A200077FA2 /* Frameworks */,
				C13E52952BC305A200077FA2 /* Resources */,
			);
			buildRules = (
			);
			dependencies = (
				C13E52992BC305A200077FA2 /* PBXTargetDependency */,
			);
			name = SSTatisticsUITests;
			productName = SSTatisticsUITests;
			productReference = C13E52972BC305A200077FA2 /* SSTatisticsUITests.xctest */;
			productType = "com.apple.product-type.bundle.ui-testing";
		};
/* End PBXNativeTarget section */

/* Begin PBXProject section */
		C13E52732BC305A000077FA2 /* Project object */ = {
			isa = PBXProject;
			attributes = {
				BuildIndependentTargetsInParallel = 1;
				LastSwiftUpdateCheck = 1530;
				LastUpgradeCheck = 1530;
				TargetAttributes = {
					C13E527A2BC305A000077FA2 = {
						CreatedOnToolsVersion = 15.3;
					};
					C13E528C2BC305A200077FA2 = {
						CreatedOnToolsVersion = 15.3;
						TestTargetID = C13E527A2BC305A000077FA2;
					};
					C13E52962BC305A200077FA2 = {
						CreatedOnToolsVersion = 15.3;
						TestTargetID = C13E527A2BC305A000077FA2;
					};
				};
			};
			buildConfigurationList = C13E52762BC305A000077FA2 /* Build configuration list for PBXProject "SSTatistics" */;
			compatibilityVersion = "Xcode 15.3";
			developmentRegion = en;
			hasScannedForEncodings = 0;
			knownRegions = (
				en,
				Base,
			);
			mainGroup = C13E52722BC305A000077FA2;
			productRefGroup = C13E527C2BC305A000077FA2 /* Products */;
			projectDirPath = "";
			projectRoot = "";
			targets = (
				C13E527A2BC305A000077FA2 /* SSTatistics */,
				C13E528C2BC305A200077FA2 /* SSTatisticsTests */,
				C13E52962BC305A200077FA2 /* SSTatisticsUITests */,
			);
		};
/* End PBXProject section */

/* Begin PBXResourcesBuildPhase section */
		C13E52792BC305A000077FA2 /* Resources */ = {
			isa = PBXResourcesBuildPhase;
			buildActionMask = 2147483647;
			files = (
				C13E52882BC305A200077FA2 /* Preview Assets.xcassets in Resources */,
				C13E52852BC305A200077FA2 /* Assets.xcassets in Resources */,
			);
			runOnlyForDeploymentPostprocessing = 0;
		};
		C13E528B2BC305A200077FA2 /* Resources */ = {
			isa = PBXResourcesBuildPhase;
			buildActionMask = 2147483647;
			files = (
			);
			runOnlyForDeploymentPostprocessing = 0;
		};
		C13E52952BC305A200077FA2 /* Resources */ = {
			isa = PBXResourcesBuildPhase;
			buildActionMask = 2147483647;
			files = (
			);
			runOnlyForDeploymentPostprocessing = 0;
		};
/* End PBXResourcesBuildPhase section */

/* Begin PBXSourcesBuildPhase section */
		C13E52772BC305A000077FA2 /* Sources */ = {
			isa = PBXSourcesBuildPhase;
			buildActionMask = 2147483647;
			files = (
				C17521EC2BC6F1E300FD7ECE /* AboutView.swift in Sources */,
				C17521FD2BC7D26900FD7ECE /* Sport.swift in Sources */,
				C17521E82BC6EF3600FD7ECE /* HomeView.swift in Sources */,
				C17521F22BC6F59F00FD7ECE /* StatisticsView.swift in Sources */,
				C17521F02BC6F57C00FD7ECE /* SettingsView.swift in Sources */,
				C17521EE2BC6F56D00FD7ECE /* HelpView.swift in Sources */,
				C17521F42BC6F5B600FD7ECE /* PastGamesView.swift in Sources */,
				C13E527F2BC305A000077FA2 /* SSTatisticsApp.swift in Sources */,
				C17521F82BC7CE3900FD7ECE /* Statistics.swift in Sources */,
				C17521FA2BC7D00500FD7ECE /* Team.swift in Sources */,
				C17521F62BC6F5CD00FD7ECE /* FinishView.swift in Sources */,
			);
			runOnlyForDeploymentPostprocessing = 0;
		};
		C13E52892BC305A200077FA2 /* Sources */ = {
			isa = PBXSourcesBuildPhase;
			buildActionMask = 2147483647;
			files = (
				C13E52922BC305A200077FA2 /* SSTatisticsTests.swift in Sources */,
			);
			runOnlyForDeploymentPostprocessing = 0;
		};
		C13E52932BC305A200077FA2 /* Sources */ = {
			isa = PBXSourcesBuildPhase;
			buildActionMask = 2147483647;
			files = (
				C13E529C2BC305A200077FA2 /* SSTatisticsUITests.swift in Sources */,
				C13E529E2BC305A200077FA2 /* SSTatisticsUITestsLaunchTests.swift in Sources */,
			);
			runOnlyForDeploymentPostprocessing = 0;
		};
/* End PBXSourcesBuildPhase section */

/* Begin PBXTargetDependency section */
		C13E528F2BC305A200077FA2 /* PBXTargetDependency */ = {
			isa = PBXTargetDependency;
			target = C13E527A2BC305A000077FA2 /* SSTatistics */;
			targetProxy = C13E528E2BC305A200077FA2 /* PBXContainerItemProxy */;
		};
		C13E52992BC305A200077FA2 /* PBXTargetDependency */ = {
			isa = PBXTargetDependency;
			target = C13E527A2BC305A000077FA2 /* SSTatistics */;
			targetProxy = C13E52982BC305A200077FA2 /* PBXContainerItemProxy */;
		};
/* End PBXTargetDependency section */

/* Begin XCBuildConfiguration section */
		C13E529F2BC305A200077FA2 /* Debug */ = {
			isa = XCBuildConfiguration;
			buildSettings = {
				ALWAYS_SEARCH_USER_PATHS = NO;
				ASSETCATALOG_COMPILER_GENERATE_SWIFT_ASSET_SYMBOL_EXTENSIONS = YES;
				CLANG_ANALYZER_NONNULL = YES;
				CLANG_ANALYZER_NUMBER_OBJECT_CONVERSION = YES_AGGRESSIVE;
				CLANG_CXX_LANGUAGE_STANDARD = "gnu++20";
				CLANG_ENABLE_MODULES = YES;
				CLANG_ENABLE_OBJC_ARC = YES;
				CLANG_ENABLE_OBJC_WEAK = YES;
				CLANG_WARN_BLOCK_CAPTURE_AUTORELEASING = YES;
				CLANG_WARN_BOOL_CONVERSION = YES;
				CLANG_WARN_COMMA = YES;
				CLANG_WARN_CONSTANT_CONVERSION = YES;
				CLANG_WARN_DEPRECATED_OBJC_IMPLEMENTATIONS = YES;
				CLANG_WARN_DIRECT_OBJC_ISA_USAGE = YES_ERROR;
				CLANG_WARN_DOCUMENTATION_COMMENTS = YES;
				CLANG_WARN_EMPTY_BODY = YES;
				CLANG_WARN_ENUM_CONVERSION = YES;
				CLANG_WARN_INFINITE_RECURSION = YES;
				CLANG_WARN_INT_CONVERSION = YES;
				CLANG_WARN_NON_LITERAL_NULL_CONVERSION = YES;
				CLANG_WARN_OBJC_IMPLICIT_RETAIN_SELF = YES;
				CLANG_WARN_OBJC_LITERAL_CONVERSION = YES;
				CLANG_WARN_OBJC_ROOT_CLASS = YES_ERROR;
				CLANG_WARN_QUOTED_INCLUDE_IN_FRAMEWORK_HEADER = YES;
				CLANG_WARN_RANGE_LOOP_ANALYSIS = YES;
				CLANG_WARN_STRICT_PROTOTYPES = YES;
				CLANG_WARN_SUSPICIOUS_MOVE = YES;
				CLANG_WARN_UNGUARDED_AVAILABILITY = YES_AGGRESSIVE;
				CLANG_WARN_UNREACHABLE_CODE = YES;
				CLANG_WARN__DUPLICATE_METHOD_MATCH = YES;
				COPY_PHASE_STRIP = NO;
				DEBUG_INFORMATION_FORMAT = dwarf;
				ENABLE_STRICT_OBJC_MSGSEND = YES;
				ENABLE_TESTABILITY = YES;
				ENABLE_USER_SCRIPT_SANDBOXING = YES;
				GCC_C_LANGUAGE_STANDARD = gnu17;
				GCC_DYNAMIC_NO_PIC = NO;
				GCC_NO_COMMON_BLOCKS = YES;
				GCC_OPTIMIZATION_LEVEL = 0;
				GCC_PREPROCESSOR_DEFINITIONS = (
					"DEBUG=1",
					"$(inherited)",
				);
				GCC_WARN_64_TO_32_BIT_CONVERSION = YES;
				GCC_WARN_ABOUT_RETURN_TYPE = YES_ERROR;
				GCC_WARN_UNDECLARED_SELECTOR = YES;
				GCC_WARN_UNINITIALIZED_AUTOS = YES_AGGRESSIVE;
				GCC_WARN_UNUSED_FUNCTION = YES;
				GCC_WARN_UNUSED_VARIABLE = YES;
				IPHONEOS_DEPLOYMENT_TARGET = 17.0;
				LOCALIZATION_PREFERS_STRING_CATALOGS = YES;
				MTL_ENABLE_DEBUG_INFO = INCLUDE_SOURCE;
				MTL_FAST_MATH = YES;
				ONLY_ACTIVE_ARCH = YES;
				SDKROOT = iphoneos;
				SWIFT_ACTIVE_COMPILATION_CONDITIONS = "DEBUG $(inherited)";
				SWIFT_OPTIMIZATION_LEVEL = "-Onone";
			};
			name = Debug;
		};
		C13E52A02BC305A200077FA2 /* Release */ = {
			isa = XCBuildConfiguration;
			buildSettings = {
				ALWAYS_SEARCH_USER_PATHS = NO;
				ASSETCATALOG_COMPILER_GENERATE_SWIFT_ASSET_SYMBOL_EXTENSIONS = YES;
				CLANG_ANALYZER_NONNULL = YES;
				CLANG_ANALYZER_NUMBER_OBJECT_CONVERSION = YES_AGGRESSIVE;
				CLANG_CXX_LANGUAGE_STANDARD = "gnu++20";
				CLANG_ENABLE_MODULES = YES;
				CLANG_ENABLE_OBJC_ARC = YES;
				CLANG_ENABLE_OBJC_WEAK = YES;
				CLANG_WARN_BLOCK_CAPTURE_AUTORELEASING = YES;
				CLANG_WARN_BOOL_CONVERSION = YES;
				CLANG_WARN_COMMA = YES;
				CLANG_WARN_CONSTANT_CONVERSION = YES;
				CLANG_WARN_DEPRECATED_OBJC_IMPLEMENTATIONS = YES;
				CLANG_WARN_DIRECT_OBJC_ISA_USAGE = YES_ERROR;
				CLANG_WARN_DOCUMENTATION_COMMENTS = YES;
				CLANG_WARN_EMPTY_BODY = YES;
				CLANG_WARN_ENUM_CONVERSION = YES;
				CLANG_WARN_INFINITE_RECURSION = YES;
				CLANG_WARN_INT_CONVERSION = YES;
				CLANG_WARN_NON_LITERAL_NULL_CONVERSION = YES;
				CLANG_WARN_OBJC_IMPLICIT_RETAIN_SELF = YES;
				CLANG_WARN_OBJC_LITERAL_CONVERSION = YES;
				CLANG_WARN_OBJC_ROOT_CLASS = YES_ERROR;
				CLANG_WARN_QUOTED_INCLUDE_IN_FRAMEWORK_HEADER = YES;
				CLANG_WARN_RANGE_LOOP_ANALYSIS = YES;
				CLANG_WARN_STRICT_PROTOTYPES = YES;
				CLANG_WARN_SUSPICIOUS_MOVE = YES;
				CLANG_WARN_UNGUARDED_AVAILABILITY = YES_AGGRESSIVE;
				CLANG_WARN_UNREACHABLE_CODE = YES;
				CLANG_WARN__DUPLICATE_METHOD_MATCH = YES;
				COPY_PHASE_STRIP = NO;
				DEBUG_INFORMATION_FORMAT = "dwarf-with-dsym";
				ENABLE_NS_ASSERTIONS = NO;
				ENABLE_STRICT_OBJC_MSGSEND = YES;
				ENABLE_USER_SCRIPT_SANDBOXING = YES;
				GCC_C_LANGUAGE_STANDARD = gnu17;
				GCC_NO_COMMON_BLOCKS = YES;
				GCC_WARN_64_TO_32_BIT_CONVERSION = YES;
				GCC_WARN_ABOUT_RETURN_TYPE = YES_ERROR;
				GCC_WARN_UNDECLARED_SELECTOR = YES;
				GCC_WARN_UNINITIALIZED_AUTOS = YES_AGGRESSIVE;
				GCC_WARN_UNUSED_FUNCTION = YES;
				GCC_WARN_UNUSED_VARIABLE = YES;
				IPHONEOS_DEPLOYMENT_TARGET = 17.0;
				LOCALIZATION_PREFERS_STRING_CATALOGS = YES;
				MTL_ENABLE_DEBUG_INFO = NO;
				MTL_FAST_MATH = YES;
				SDKROOT = iphoneos;
				SWIFT_COMPILATION_MODE = wholemodule;
				VALIDATE_PRODUCT = YES;
			};
			name = Release;
		};
		C13E52A22BC305A200077FA2 /* Debug */ = {
			isa = XCBuildConfiguration;
			buildSettings = {
				ASSETCATALOG_COMPILER_APPICON_NAME = AppIcon;
				ASSETCATALOG_COMPILER_GLOBAL_ACCENT_COLOR_NAME = AccentColor;
				CODE_SIGN_STYLE = Automatic;
				CURRENT_PROJECT_VERSION = 1;
				DEVELOPMENT_ASSET_PATHS = "\"SSTatistics/Preview Content\"";
				DEVELOPMENT_TEAM = MXR59ZKJQ6;
				ENABLE_PREVIEWS = YES;
				GENERATE_INFOPLIST_FILE = YES;
				INFOPLIST_KEY_LSApplicationCategoryType = "public.app-category.education";
				INFOPLIST_KEY_UIApplicationSceneManifest_Generation = YES;
				INFOPLIST_KEY_UIApplicationSupportsIndirectInputEvents = YES;
				INFOPLIST_KEY_UILaunchScreen_Generation = YES;
				INFOPLIST_KEY_UISupportedInterfaceOrientations_iPad = "UIInterfaceOrientationPortrait UIInterfaceOrientationPortraitUpsideDown";
				IPHONEOS_DEPLOYMENT_TARGET = 17.0;
				LD_RUNPATH_SEARCH_PATHS = (
					"$(inherited)",
					"@executable_path/Frameworks",
				);
				MARKETING_VERSION = 2.0;
				PRODUCT_BUNDLE_IDENTIFIER = anniehow.SSTatistics;
				PRODUCT_NAME = "$(TARGET_NAME)";
				SUPPORTED_PLATFORMS = "iphoneos iphonesimulator";
				SUPPORTS_MACCATALYST = NO;
				SUPPORTS_XR_DESIGNED_FOR_IPHONE_IPAD = NO;
				SWIFT_EMIT_LOC_STRINGS = YES;
				SWIFT_VERSION = 5.0;
				TARGETED_DEVICE_FAMILY = 2;
			};
			name = Debug;
		};
		C13E52A32BC305A200077FA2 /* Release */ = {
			isa = XCBuildConfiguration;
			buildSettings = {
				ASSETCATALOG_COMPILER_APPICON_NAME = AppIcon;
				ASSETCATALOG_COMPILER_GLOBAL_ACCENT_COLOR_NAME = AccentColor;
				CODE_SIGN_STYLE = Automatic;
				CURRENT_PROJECT_VERSION = 1;
				DEVELOPMENT_ASSET_PATHS = "\"SSTatistics/Preview Content\"";
				DEVELOPMENT_TEAM = MXR59ZKJQ6;
				ENABLE_PREVIEWS = YES;
				GENERATE_INFOPLIST_FILE = YES;
				INFOPLIST_KEY_LSApplicationCategoryType = "public.app-category.education";
				INFOPLIST_KEY_UIApplicationSceneManifest_Generation = YES;
				INFOPLIST_KEY_UIApplicationSupportsIndirectInputEvents = YES;
				INFOPLIST_KEY_UILaunchScreen_Generation = YES;
				INFOPLIST_KEY_UISupportedInterfaceOrientations_iPad = "UIInterfaceOrientationPortrait UIInterfaceOrientationPortraitUpsideDown";
				IPHONEOS_DEPLOYMENT_TARGET = 17.0;
				LD_RUNPATH_SEARCH_PATHS = (
					"$(inherited)",
					"@executable_path/Frameworks",
				);
				MARKETING_VERSION = 2.0;
				PRODUCT_BUNDLE_IDENTIFIER = anniehow.SSTatistics;
				PRODUCT_NAME = "$(TARGET_NAME)";
				SUPPORTED_PLATFORMS = "iphoneos iphonesimulator";
				SUPPORTS_MACCATALYST = NO;
				SUPPORTS_XR_DESIGNED_FOR_IPHONE_IPAD = NO;
				SWIFT_EMIT_LOC_STRINGS = YES;
				SWIFT_VERSION = 5.0;
				TARGETED_DEVICE_FAMILY = 2;
			};
			name = Release;
		};
		C13E52A52BC305A200077FA2 /* Debug */ = {
			isa = XCBuildConfiguration;
			buildSettings = {
				ALWAYS_EMBED_SWIFT_STANDARD_LIBRARIES = YES;
				BUNDLE_LOADER = "$(TEST_HOST)";
				CODE_SIGN_STYLE = Automatic;
				CURRENT_PROJECT_VERSION = 1;
				GENERATE_INFOPLIST_FILE = YES;
				IPHONEOS_DEPLOYMENT_TARGET = 17.4;
				MARKETING_VERSION = 1.0;
				PRODUCT_BUNDLE_IDENTIFIER = anniehow.SSTatisticsTests;
				PRODUCT_NAME = "$(TARGET_NAME)";
				SWIFT_EMIT_LOC_STRINGS = NO;
				SWIFT_VERSION = 5.0;
				TARGETED_DEVICE_FAMILY = "1,2";
				TEST_HOST = "$(BUILT_PRODUCTS_DIR)/SSTatistics.app/$(BUNDLE_EXECUTABLE_FOLDER_PATH)/SSTatistics";
			};
			name = Debug;
		};
		C13E52A62BC305A200077FA2 /* Release */ = {
			isa = XCBuildConfiguration;
			buildSettings = {
				ALWAYS_EMBED_SWIFT_STANDARD_LIBRARIES = YES;
				BUNDLE_LOADER = "$(TEST_HOST)";
				CODE_SIGN_STYLE = Automatic;
				CURRENT_PROJECT_VERSION = 1;
				GENERATE_INFOPLIST_FILE = YES;
				IPHONEOS_DEPLOYMENT_TARGET = 17.4;
				MARKETING_VERSION = 1.0;
				PRODUCT_BUNDLE_IDENTIFIER = anniehow.SSTatisticsTests;
				PRODUCT_NAME = "$(TARGET_NAME)";
				SWIFT_EMIT_LOC_STRINGS = NO;
				SWIFT_VERSION = 5.0;
				TARGETED_DEVICE_FAMILY = "1,2";
				TEST_HOST = "$(BUILT_PRODUCTS_DIR)/SSTatistics.app/$(BUNDLE_EXECUTABLE_FOLDER_PATH)/SSTatistics";
			};
			name = Release;
		};
		C13E52A82BC305A200077FA2 /* Debug */ = {
			isa = XCBuildConfiguration;
			buildSettings = {
				ALWAYS_EMBED_SWIFT_STANDARD_LIBRARIES = YES;
				CODE_SIGN_STYLE = Automatic;
				CURRENT_PROJECT_VERSION = 1;
				GENERATE_INFOPLIST_FILE = YES;
				MARKETING_VERSION = 1.0;
				PRODUCT_BUNDLE_IDENTIFIER = anniehow.SSTatisticsUITests;
				PRODUCT_NAME = "$(TARGET_NAME)";
				SWIFT_EMIT_LOC_STRINGS = NO;
				SWIFT_VERSION = 5.0;
				TARGETED_DEVICE_FAMILY = "1,2";
				TEST_TARGET_NAME = SSTatistics;
			};
			name = Debug;
		};
		C13E52A92BC305A200077FA2 /* Release */ = {
			isa = XCBuildConfiguration;
			buildSettings = {
				ALWAYS_EMBED_SWIFT_STANDARD_LIBRARIES = YES;
				CODE_SIGN_STYLE = Automatic;
				CURRENT_PROJECT_VERSION = 1;
				GENERATE_INFOPLIST_FILE = YES;
				MARKETING_VERSION = 1.0;
				PRODUCT_BUNDLE_IDENTIFIER = anniehow.SSTatisticsUITests;
				PRODUCT_NAME = "$(TARGET_NAME)";
				SWIFT_EMIT_LOC_STRINGS = NO;
				SWIFT_VERSION = 5.0;
				TARGETED_DEVICE_FAMILY = "1,2";
				TEST_TARGET_NAME = SSTatistics;
			};
			name = Release;
		};
/* End XCBuildConfiguration section */

/* Begin XCConfigurationList section */
		C13E52762BC305A000077FA2 /* Build configuration list for PBXProject "SSTatistics" */ = {
			isa = XCConfigurationList;
			buildConfigurations = (
				C13E529F2BC305A200077FA2 /* Debug */,
				C13E52A02BC305A200077FA2 /* Release */,
			);
			defaultConfigurationIsVisible = 0;
			defaultConfigurationName = Release;
		};
		C13E52A12BC305A200077FA2 /* Build configuration list for PBXNativeTarget "SSTatistics" */ = {
			isa = XCConfigurationList;
			buildConfigurations = (
				C13E52A22BC305A200077FA2 /* Debug */,
				C13E52A32BC305A200077FA2 /* Release */,
			);
			defaultConfigurationIsVisible = 0;
			defaultConfigurationName = Release;
		};
		C13E52A42BC305A200077FA2 /* Build configuration list for PBXNativeTarget "SSTatisticsTests" */ = {
			isa = XCConfigurationList;
			buildConfigurations = (
				C13E52A52BC305A200077FA2 /* Debug */,
				C13E52A62BC305A200077FA2 /* Release */,
			);
			defaultConfigurationIsVisible = 0;
			defaultConfigurationName = Release;
		};
		C13E52A72BC305A200077FA2 /* Build configuration list for PBXNativeTarget "SSTatisticsUITests" */ = {
			isa = XCConfigurationList;
			buildConfigurations = (
				C13E52A82BC305A200077FA2 /* Debug */,
				C13E52A92BC305A200077FA2 /* Release */,
			);
			defaultConfigurationIsVisible = 0;
			defaultConfigurationName = Release;
		};
/* End XCConfigurationList section */
	};
	rootObject = C13E52732BC305A000077FA2 /* Project object */;
}
